
Microsoft Visual Studio Solution File, Format Version 12.00
# Visual Studio Version 17
VisualStudioVersion = 17.4.33205.214
MinimumVisualStudioVersion = 10.0.40219.1
Project("{FAE04EC0-301F-11D3-BF4B-00C04F79EFBC}") = "BTL_QUANLYSINHVIEN", "BTL_QUANLYSINHVIEN\BTL_QUANLYSINHVIEN.csproj", "{9B29EEC0-03E1-4A19-BEB8-ED32A2443032}"
EndProject
Global
	GlobalSection(SolutionConfigurationPlatforms) = preSolution
		Debug|Any CPU = Debug|Any CPU
		Release|Any CPU = Release|Any CPU
	EndGlobalSection
	GlobalSection(ProjectConfigurationPlatforms) = postSolution
		{9B29EEC0-03E1-4A19-BEB8-ED32A2443032}.Debug|Any CPU.ActiveCfg = Debug|Any CPU
		{9B29EEC0-03E1-4A19-BEB8-ED32A2443032}.Debug|Any CPU.Build.0 = Debug|Any CPU
		{9B29EEC0-03E1-4A19-BEB8-ED32A2443032}.Release|Any CPU.ActiveCfg = Release|Any CPU
		{9B29EEC0-03E1-4A19-BEB8-ED32A2443032}.Release|Any CPU.Build.0 = Release|Any CPU
	EndGlobalSection
	GlobalSection(SolutionProperties) = preSolution
		HideSolutionNode = FALSE
	EndGlobalSection
	GlobalSection(ExtensibilityGlobals) = postSolution
		SolutionGuid = {7C73EA61-098C-43B0-8DC3-AB605098B152}
	EndGlobalSection
EndGlobal
